<?xml version="1.0" encoding="utf-8"?>
<Project ToolsVersion="4.0" xmlns="http://schemas.microsoft.com/developer/msbuild/2003">
  <ItemGroup>
    <ClInclude Include="SceneBase.h">
      <Filter>Scene</Filter>
    </ClInclude>
    <ClInclude Include="InitScene.h">
      <Filter>Scene</Filter>
    </ClInclude>
    <ClInclude Include="..\Engine.h" />
    <ClInclude Include="ReadFromResource.h">
      <Filter>Resource</Filter>
    </ClInclude>
    <ClInclude Include="resource.h">
      <Filter>Resource</Filter>
    </ClInclude>
    <ClInclude Include="MainMenuScene.h">
      <Filter>Scene</Filter>
    </ClInclude>
    <ClInclude Include="SceneManager.h" />
    <ClInclude Include="GameMap.h">
      <Filter>Game</Filter>
    </ClInclude>
    <ClInclude Include="GameTile.h">
      <Filter>Game</Filter>
    </ClInclude>
    <ClInclude Include="TileTemplate.h">
      <Filter>Game</Filter>
    </ClInclude>
    <ClInclude Include="Renderable.h" />
  </ItemGroup>
  <ItemGroup>
    <Filter Include="Scene">
      <UniqueIdentifier>{2fd9bd57-912c-401f-88fa-cdcd9dccaf92}</UniqueIdentifier>
    </Filter>
    <Filter Include="Resource">
      <UniqueIdentifier>{a6f6abaa-0875-40ed-b9d3-d64327d79acc}</UniqueIdentifier>
    </Filter>
    <Filter Include="Game">
      <UniqueIdentifier>{f3264f8d-3c86-499a-899e-8db291b653dc}</UniqueIdentifier>
    </Filter>
  </ItemGroup>
  <ItemGroup>
    <ClCompile Include="InitScene.cpp">
      <Filter>Scene</Filter>
    </ClCompile>
    <ClCompile Include="Resource.cpp">
      <Filter>Resource</Filter>
    </ClCompile>
    <ClCompile Include="Engine.cpp" />
    <ClCompile Include="GameMap.cpp">
      <Filter>Game</Filter>
    </ClCompile>
    <ClCompile Include="GameTile.cpp">
      <Filter>Game</Filter>
    </ClCompile>
    <ClCompile Include="TileTemplate.cpp">
      <Filter>Game</Filter>
    </ClCompile>
  </ItemGroup>
  <ItemGroup>
    <Image Include="FullSceneLogo.png">
      <Filter>Resource</Filter>
    </Image>
  </ItemGroup>
  <ItemGroup>
    <ResourceCompile Include="RPGEngine.rc">
      <Filter>Resource</Filter>
    </ResourceCompile>
  </ItemGroup>
</Project>